// !$*UTF8*$!
{
	archiveVersion = 1;
	classes = {
	};
	objectVersion = 46;
	objects = {

/* Begin PBXBuildFile section */
		9904AA241F78131800E37357 /* LandscapeVerseController.swift in Sources */ = {isa = PBXBuildFile; fileRef = 9904AA231F78131800E37357 /* LandscapeVerseController.swift */; };
		99090D091D47DF7600A9E2A4 /* AppDelegate.swift in Sources */ = {isa = PBXBuildFile; fileRef = 99090D081D47DF7600A9E2A4 /* AppDelegate.swift */; };
		99090D0E1D47DF7600A9E2A4 /* Main.storyboard in Resources */ = {isa = PBXBuildFile; fileRef = 99090D0C1D47DF7600A9E2A4 /* Main.storyboard */; };
		99090D101D47DF7600A9E2A4 /* Assets.xcassets in Resources */ = {isa = PBXBuildFile; fileRef = 99090D0F1D47DF7600A9E2A4 /* Assets.xcassets */; };
		99090D131D47DF7600A9E2A4 /* LaunchScreen.storyboard in Resources */ = {isa = PBXBuildFile; fileRef = 99090D111D47DF7600A9E2A4 /* LaunchScreen.storyboard */; };
		99090D1B1D47E7C900A9E2A4 /* SongsController.swift in Sources */ = {isa = PBXBuildFile; fileRef = 99090D1A1D47E7C900A9E2A4 /* SongsController.swift */; };
		99090D1D1D47EA0200A9E2A4 /* Song.swift in Sources */ = {isa = PBXBuildFile; fileRef = 99090D1C1D47EA0200A9E2A4 /* Song.swift */; };
		99149E4F1F2E096A00CB38DD /* LoadingController.swift in Sources */ = {isa = PBXBuildFile; fileRef = 99149E4E1F2E096A00CB38DD /* LoadingController.swift */; };
		991D52191F2E7C9300E0C1F8 /* spevnik.xcdatamodeld in Sources */ = {isa = PBXBuildFile; fileRef = 991D52171F2E7C9300E0C1F8 /* spevnik.xcdatamodeld */; };
		9921429E1F2F96020061F895 /* Line.swift in Sources */ = {isa = PBXBuildFile; fileRef = 9921429D1F2F96020061F895 /* Line.swift */; };
		992142A01F2F977D0061F895 /* SongStore.swift in Sources */ = {isa = PBXBuildFile; fileRef = 9921429F1F2F977D0061F895 /* SongStore.swift */; };
		992314A31F78642B00901747 /* EmptyCell.swift in Sources */ = {isa = PBXBuildFile; fileRef = 992314A21F78642B00901747 /* EmptyCell.swift */; };
		993019651D49325100DE2DCE /* VerseCell.swift in Sources */ = {isa = PBXBuildFile; fileRef = 993019641D49325100DE2DCE /* VerseCell.swift */; };
		993130EE1F5B09D400BCE0EB /* EasterEggPhotoViewController.swift in Sources */ = {isa = PBXBuildFile; fileRef = 993130ED1F5B09D400BCE0EB /* EasterEggPhotoViewController.swift */; };
		993130F01F5B0B3D00BCE0EB /* EasterEggPhotoCollectionViewController.swift in Sources */ = {isa = PBXBuildFile; fileRef = 993130EF1F5B0B3D00BCE0EB /* EasterEggPhotoCollectionViewController.swift */; };
		993130F21F5B3A6F00BCE0EB /* Settings.swift in Sources */ = {isa = PBXBuildFile; fileRef = 993130F11F5B3A6F00BCE0EB /* Settings.swift */; };
		993A49921F2E7BD60001F93A /* ManagedObject.swift in Sources */ = {isa = PBXBuildFile; fileRef = 993A49911F2E7BD60001F93A /* ManagedObject.swift */; };
		993EE03C1F5C76F200F90E84 /* SHViewController.swift in Sources */ = {isa = PBXBuildFile; fileRef = 993EE03B1F5C76F200F90E84 /* SHViewController.swift */; };
		993EE03E1F5C78C300F90E84 /* SHTableViewController.swift in Sources */ = {isa = PBXBuildFile; fileRef = 993EE03D1F5C78C300F90E84 /* SHTableViewController.swift */; };
		994D7D6C1F2DE37A00A575F8 /* Verse.swift in Sources */ = {isa = PBXBuildFile; fileRef = 994D7D6B1F2DE37A00A575F8 /* Verse.swift */; };
		99656B0E1F4B511F004AE8C9 /* ArchiveParser.swift in Sources */ = {isa = PBXBuildFile; fileRef = 99656B0D1F4B511F004AE8C9 /* ArchiveParser.swift */; };
		996BF4C91F5F46E30077210C /* FontSensitive.swift in Sources */ = {isa = PBXBuildFile; fileRef = 996BF4C81F5F46E30077210C /* FontSensitive.swift */; };
		997104EC1F5346C1005570D9 /* AboutViewController.swift in Sources */ = {isa = PBXBuildFile; fileRef = 997104EB1F5346C1005570D9 /* AboutViewController.swift */; };
		997FF6921F5751B7007C5622 /* SongModel.swift in Sources */ = {isa = PBXBuildFile; fileRef = 997FF6911F5751B7007C5622 /* SongModel.swift */; };
		997FF6961F575856007C5622 /* VerseHeaderView.swift in Sources */ = {isa = PBXBuildFile; fileRef = 997FF6951F575856007C5622 /* VerseHeaderView.swift */; };
		998832E21F53847700770F6B /* SHNotification.swift in Sources */ = {isa = PBXBuildFile; fileRef = 998832E11F53847700770F6B /* SHNotification.swift */; };
		998D78221F532C38007B9980 /* QuickSearch.swift in Sources */ = {isa = PBXBuildFile; fileRef = 998D78211F532C38007B9980 /* QuickSearch.swift */; };
		998FDD7F1F2DF7A3007204C6 /* ArrayExtensions.swift in Sources */ = {isa = PBXBuildFile; fileRef = 998FDD7E1F2DF7A3007204C6 /* ArrayExtensions.swift */; };
		998FDD811F2DF7BE007204C6 /* NSLayoutConstraintExtensions.swift in Sources */ = {isa = PBXBuildFile; fileRef = 998FDD801F2DF7BE007204C6 /* NSLayoutConstraintExtensions.swift */; };
		999654841D47F597001ED726 /* SongStoreCoreData.swift in Sources */ = {isa = PBXBuildFile; fileRef = 999654831D47F597001ED726 /* SongStoreCoreData.swift */; };
		999945CB1F4CC897005BC9DC /* UIButtonExtensions.swift in Sources */ = {isa = PBXBuildFile; fileRef = 999945CA1F4CC897005BC9DC /* UIButtonExtensions.swift */; };
		999945CD1F4CC8EA005BC9DC /* UIImageExtensions.swift in Sources */ = {isa = PBXBuildFile; fileRef = 999945CC1F4CC8EA005BC9DC /* UIImageExtensions.swift */; };
		99B44AEC1F4B6014008DB0B5 /* CenteredButton.swift in Sources */ = {isa = PBXBuildFile; fileRef = 99B44AEB1F4B6014008DB0B5 /* CenteredButton.swift */; };
		99B44AF31F4B771A008DB0B5 /* UIViewExtensions.swift in Sources */ = {isa = PBXBuildFile; fileRef = 99B44AF21F4B771A008DB0B5 /* UIViewExtensions.swift */; };
		99D7E87A1F535B830080E904 /* SettingsViewController.swift in Sources */ = {isa = PBXBuildFile; fileRef = 99D7E8791F535B830080E904 /* SettingsViewController.swift */; };
		99ECEAA61D47F963006EFCB7 /* SongCell.swift in Sources */ = {isa = PBXBuildFile; fileRef = 99ECEAA51D47F963006EFCB7 /* SongCell.swift */; };
		99ECEAA81D480688006EFCB7 /* SongController.swift in Sources */ = {isa = PBXBuildFile; fileRef = 99ECEAA71D480688006EFCB7 /* SongController.swift */; };
/* End PBXBuildFile section */

/* Begin PBXFileReference section */
		9904AA231F78131800E37357 /* LandscapeVerseController.swift */ = {isa = PBXFileReference; lastKnownFileType = sourcecode.swift; path = LandscapeVerseController.swift; sourceTree = "<group>"; };
		99090D051D47DF7600A9E2A4 /* spievajme-hospodinovi.app */ = {isa = PBXFileReference; explicitFileType = wrapper.application; includeInIndex = 0; path = "spievajme-hospodinovi.app"; sourceTree = BUILT_PRODUCTS_DIR; };
		99090D081D47DF7600A9E2A4 /* AppDelegate.swift */ = {isa = PBXFileReference; lastKnownFileType = sourcecode.swift; path = AppDelegate.swift; sourceTree = "<group>"; };
		99090D0D1D47DF7600A9E2A4 /* Base */ = {isa = PBXFileReference; lastKnownFileType = file.storyboard; name = Base; path = Base.lproj/Main.storyboard; sourceTree = "<group>"; };
		99090D0F1D47DF7600A9E2A4 /* Assets.xcassets */ = {isa = PBXFileReference; lastKnownFileType = folder.assetcatalog; path = Assets.xcassets; sourceTree = "<group>"; };
		99090D121D47DF7600A9E2A4 /* Base */ = {isa = PBXFileReference; lastKnownFileType = file.storyboard; name = Base; path = Base.lproj/LaunchScreen.storyboard; sourceTree = "<group>"; };
		99090D141D47DF7600A9E2A4 /* Info.plist */ = {isa = PBXFileReference; lastKnownFileType = text.plist.xml; path = Info.plist; sourceTree = "<group>"; };
		99090D1A1D47E7C900A9E2A4 /* SongsController.swift */ = {isa = PBXFileReference; fileEncoding = 4; lastKnownFileType = sourcecode.swift; path = SongsController.swift; sourceTree = "<group>"; };
		99090D1C1D47EA0200A9E2A4 /* Song.swift */ = {isa = PBXFileReference; fileEncoding = 4; lastKnownFileType = sourcecode.swift; path = Song.swift; sourceTree = "<group>"; };
		99149E4E1F2E096A00CB38DD /* LoadingController.swift */ = {isa = PBXFileReference; lastKnownFileType = sourcecode.swift; path = LoadingController.swift; sourceTree = "<group>"; };
		991D52181F2E7C9300E0C1F8 /* spevnik.xcdatamodel */ = {isa = PBXFileReference; lastKnownFileType = wrapper.xcdatamodel; path = spevnik.xcdatamodel; sourceTree = "<group>"; };
		9921429D1F2F96020061F895 /* Line.swift */ = {isa = PBXFileReference; lastKnownFileType = sourcecode.swift; path = Line.swift; sourceTree = "<group>"; };
		9921429F1F2F977D0061F895 /* SongStore.swift */ = {isa = PBXFileReference; lastKnownFileType = sourcecode.swift; path = SongStore.swift; sourceTree = "<group>"; };
		992314A21F78642B00901747 /* EmptyCell.swift */ = {isa = PBXFileReference; lastKnownFileType = sourcecode.swift; path = EmptyCell.swift; sourceTree = "<group>"; };
		993019641D49325100DE2DCE /* VerseCell.swift */ = {isa = PBXFileReference; fileEncoding = 4; lastKnownFileType = sourcecode.swift; path = VerseCell.swift; sourceTree = "<group>"; };
		993130ED1F5B09D400BCE0EB /* EasterEggPhotoViewController.swift */ = {isa = PBXFileReference; lastKnownFileType = sourcecode.swift; path = EasterEggPhotoViewController.swift; sourceTree = "<group>"; };
		993130EF1F5B0B3D00BCE0EB /* EasterEggPhotoCollectionViewController.swift */ = {isa = PBXFileReference; lastKnownFileType = sourcecode.swift; path = EasterEggPhotoCollectionViewController.swift; sourceTree = "<group>"; };
		993130F11F5B3A6F00BCE0EB /* Settings.swift */ = {isa = PBXFileReference; lastKnownFileType = sourcecode.swift; path = Settings.swift; sourceTree = "<group>"; };
		993A49911F2E7BD60001F93A /* ManagedObject.swift */ = {isa = PBXFileReference; lastKnownFileType = sourcecode.swift; path = ManagedObject.swift; sourceTree = "<group>"; };
		993EE03B1F5C76F200F90E84 /* SHViewController.swift */ = {isa = PBXFileReference; lastKnownFileType = sourcecode.swift; path = SHViewController.swift; sourceTree = "<group>"; };
		993EE03D1F5C78C300F90E84 /* SHTableViewController.swift */ = {isa = PBXFileReference; lastKnownFileType = sourcecode.swift; path = SHTableViewController.swift; sourceTree = "<group>"; };
		994D7D6B1F2DE37A00A575F8 /* Verse.swift */ = {isa = PBXFileReference; lastKnownFileType = sourcecode.swift; path = Verse.swift; sourceTree = "<group>"; };
		99656B0D1F4B511F004AE8C9 /* ArchiveParser.swift */ = {isa = PBXFileReference; lastKnownFileType = sourcecode.swift; path = ArchiveParser.swift; sourceTree = "<group>"; };
		996BF4C81F5F46E30077210C /* FontSensitive.swift */ = {isa = PBXFileReference; lastKnownFileType = sourcecode.swift; path = FontSensitive.swift; sourceTree = "<group>"; };
		997104EB1F5346C1005570D9 /* AboutViewController.swift */ = {isa = PBXFileReference; lastKnownFileType = sourcecode.swift; path = AboutViewController.swift; sourceTree = "<group>"; };
		997FF6911F5751B7007C5622 /* SongModel.swift */ = {isa = PBXFileReference; lastKnownFileType = sourcecode.swift; path = SongModel.swift; sourceTree = "<group>"; };
		997FF6951F575856007C5622 /* VerseHeaderView.swift */ = {isa = PBXFileReference; lastKnownFileType = sourcecode.swift; path = VerseHeaderView.swift; sourceTree = "<group>"; };
		998832E11F53847700770F6B /* SHNotification.swift */ = {isa = PBXFileReference; lastKnownFileType = sourcecode.swift; path = SHNotification.swift; sourceTree = "<group>"; };
		998D78211F532C38007B9980 /* QuickSearch.swift */ = {isa = PBXFileReference; lastKnownFileType = sourcecode.swift; path = QuickSearch.swift; sourceTree = "<group>"; };
		998FDD7E1F2DF7A3007204C6 /* ArrayExtensions.swift */ = {isa = PBXFileReference; lastKnownFileType = sourcecode.swift; path = ArrayExtensions.swift; sourceTree = "<group>"; };
		998FDD801F2DF7BE007204C6 /* NSLayoutConstraintExtensions.swift */ = {isa = PBXFileReference; lastKnownFileType = sourcecode.swift; path = NSLayoutConstraintExtensions.swift; sourceTree = "<group>"; };
		999654831D47F597001ED726 /* SongStoreCoreData.swift */ = {isa = PBXFileReference; fileEncoding = 4; lastKnownFileType = sourcecode.swift; path = SongStoreCoreData.swift; sourceTree = "<group>"; };
		999945CA1F4CC897005BC9DC /* UIButtonExtensions.swift */ = {isa = PBXFileReference; lastKnownFileType = sourcecode.swift; path = UIButtonExtensions.swift; sourceTree = "<group>"; };
		999945CC1F4CC8EA005BC9DC /* UIImageExtensions.swift */ = {isa = PBXFileReference; lastKnownFileType = sourcecode.swift; path = UIImageExtensions.swift; sourceTree = "<group>"; };
		99B44AEB1F4B6014008DB0B5 /* CenteredButton.swift */ = {isa = PBXFileReference; lastKnownFileType = sourcecode.swift; path = CenteredButton.swift; sourceTree = "<group>"; };
		99B44AF21F4B771A008DB0B5 /* UIViewExtensions.swift */ = {isa = PBXFileReference; lastKnownFileType = sourcecode.swift; path = UIViewExtensions.swift; sourceTree = "<group>"; };
		99D7E8791F535B830080E904 /* SettingsViewController.swift */ = {isa = PBXFileReference; lastKnownFileType = sourcecode.swift; path = SettingsViewController.swift; sourceTree = "<group>"; };
		99ECEAA51D47F963006EFCB7 /* SongCell.swift */ = {isa = PBXFileReference; fileEncoding = 4; lastKnownFileType = sourcecode.swift; path = SongCell.swift; sourceTree = "<group>"; };
		99ECEAA71D480688006EFCB7 /* SongController.swift */ = {isa = PBXFileReference; fileEncoding = 4; lastKnownFileType = sourcecode.swift; path = SongController.swift; sourceTree = "<group>"; };
/* End PBXFileReference section */

/* Begin PBXFrameworksBuildPhase section */
		99090D021D47DF7600A9E2A4 /* Frameworks */ = {
			isa = PBXFrameworksBuildPhase;
			buildActionMask = 2147483647;
			files = (
			);
			runOnlyForDeploymentPostprocessing = 0;
		};
/* End PBXFrameworksBuildPhase section */

/* Begin PBXGroup section */
		99090CFC1D47DF7600A9E2A4 = {
			isa = PBXGroup;
			children = (
				99090D071D47DF7600A9E2A4 /* spievajme-hospodinovi */,
				99090D061D47DF7600A9E2A4 /* Products */,
			);
			sourceTree = "<group>";
		};
		99090D061D47DF7600A9E2A4 /* Products */ = {
			isa = PBXGroup;
			children = (
				99090D051D47DF7600A9E2A4 /* spievajme-hospodinovi.app */,
			);
			name = Products;
			sourceTree = "<group>";
		};
		99090D071D47DF7600A9E2A4 /* spievajme-hospodinovi */ = {
			isa = PBXGroup;
			children = (
				99090D141D47DF7600A9E2A4 /* Info.plist */,
				99090D081D47DF7600A9E2A4 /* AppDelegate.swift */,
				99090D0F1D47DF7600A9E2A4 /* Assets.xcassets */,
				993019621D492FF000DE2DCE /* Model */,
				993019611D492FC800DE2DCE /* Controllers */,
				993019631D49300500DE2DCE /* View */,
				994D7D651F2DDB8A00A575F8 /* Utilities */,
			);
			path = "spievajme-hospodinovi";
			sourceTree = "<group>";
		};
		993019611D492FC800DE2DCE /* Controllers */ = {
			isa = PBXGroup;
			children = (
				993EE03F1F5C78D800F90E84 /* Base */,
				998D78201F532C1C007B9980 /* Auxilliary */,
				99149E4E1F2E096A00CB38DD /* LoadingController.swift */,
				997FF6931F57582F007C5622 /* SongsList */,
				997FF6941F575840007C5622 /* SongsDetail */,
				997FF6911F5751B7007C5622 /* SongModel.swift */,
			);
			name = Controllers;
			sourceTree = "<group>";
		};
		993019621D492FF000DE2DCE /* Model */ = {
			isa = PBXGroup;
			children = (
				991D52171F2E7C9300E0C1F8 /* spevnik.xcdatamodeld */,
				99090D1C1D47EA0200A9E2A4 /* Song.swift */,
				994D7D6B1F2DE37A00A575F8 /* Verse.swift */,
				9921429D1F2F96020061F895 /* Line.swift */,
				9921429F1F2F977D0061F895 /* SongStore.swift */,
				999654831D47F597001ED726 /* SongStoreCoreData.swift */,
				99656B0D1F4B511F004AE8C9 /* ArchiveParser.swift */,
				993130F11F5B3A6F00BCE0EB /* Settings.swift */,
			);
			name = Model;
			sourceTree = "<group>";
		};
		993019631D49300500DE2DCE /* View */ = {
			isa = PBXGroup;
			children = (
				99090D0C1D47DF7600A9E2A4 /* Main.storyboard */,
				99090D111D47DF7600A9E2A4 /* LaunchScreen.storyboard */,
			);
			name = View;
			sourceTree = "<group>";
		};
		993EE03F1F5C78D800F90E84 /* Base */ = {
			isa = PBXGroup;
			children = (
				993EE03B1F5C76F200F90E84 /* SHViewController.swift */,
				993EE03D1F5C78C300F90E84 /* SHTableViewController.swift */,
				996BF4C81F5F46E30077210C /* FontSensitive.swift */,
			);
			name = Base;
			sourceTree = "<group>";
		};
		994D7D651F2DDB8A00A575F8 /* Utilities */ = {
			isa = PBXGroup;
			children = (
				998FDD7E1F2DF7A3007204C6 /* ArrayExtensions.swift */,
				998FDD801F2DF7BE007204C6 /* NSLayoutConstraintExtensions.swift */,
				993A49911F2E7BD60001F93A /* ManagedObject.swift */,
				99B44AEB1F4B6014008DB0B5 /* CenteredButton.swift */,
				99B44AF21F4B771A008DB0B5 /* UIViewExtensions.swift */,
				999945CA1F4CC897005BC9DC /* UIButtonExtensions.swift */,
				999945CC1F4CC8EA005BC9DC /* UIImageExtensions.swift */,
				998832E11F53847700770F6B /* SHNotification.swift */,
			);
			path = Utilities;
			sourceTree = "<group>";
		};
		997FF6931F57582F007C5622 /* SongsList */ = {
			isa = PBXGroup;
			children = (
				99090D1A1D47E7C900A9E2A4 /* SongsController.swift */,
				99ECEAA51D47F963006EFCB7 /* SongCell.swift */,
			);
			name = SongsList;
			sourceTree = "<group>";
		};
		997FF6941F575840007C5622 /* SongsDetail */ = {
			isa = PBXGroup;
			children = (
				99ECEAA71D480688006EFCB7 /* SongController.swift */,
				993019641D49325100DE2DCE /* VerseCell.swift */,
				997FF6951F575856007C5622 /* VerseHeaderView.swift */,
				9904AA231F78131800E37357 /* LandscapeVerseController.swift */,
				992314A21F78642B00901747 /* EmptyCell.swift */,
			);
			name = SongsDetail;
			sourceTree = "<group>";
		};
		998D78201F532C1C007B9980 /* Auxilliary */ = {
			isa = PBXGroup;
			children = (
				998D78211F532C38007B9980 /* QuickSearch.swift */,
				99D7E8791F535B830080E904 /* SettingsViewController.swift */,
				997104EB1F5346C1005570D9 /* AboutViewController.swift */,
				993130ED1F5B09D400BCE0EB /* EasterEggPhotoViewController.swift */,
				993130EF1F5B0B3D00BCE0EB /* EasterEggPhotoCollectionViewController.swift */,
			);
			name = Auxilliary;
			sourceTree = "<group>";
		};
/* End PBXGroup section */

/* Begin PBXNativeTarget section */
		99090D041D47DF7600A9E2A4 /* spievajme-hospodinovi */ = {
			isa = PBXNativeTarget;
			buildConfigurationList = 99090D171D47DF7600A9E2A4 /* Build configuration list for PBXNativeTarget "spievajme-hospodinovi" */;
			buildPhases = (
				99090D011D47DF7600A9E2A4 /* Sources */,
				99090D021D47DF7600A9E2A4 /* Frameworks */,
				99090D031D47DF7600A9E2A4 /* Resources */,
			);
			buildRules = (
			);
			dependencies = (
			);
			name = "spievajme-hospodinovi";
			productName = "spievajme-hospodinovi";
			productReference = 99090D051D47DF7600A9E2A4 /* spievajme-hospodinovi.app */;
			productType = "com.apple.product-type.application";
		};
/* End PBXNativeTarget section */

/* Begin PBXProject section */
		99090CFD1D47DF7600A9E2A4 /* Project object */ = {
			isa = PBXProject;
			attributes = {
				LastSwiftUpdateCheck = 0800;
				LastUpgradeCheck = 0900;
				ORGANIZATIONNAME = Svagant;
				TargetAttributes = {
					99090D041D47DF7600A9E2A4 = {
						CreatedOnToolsVersion = 8.0;
						DevelopmentTeam = J6LW85U94N;
						DevelopmentTeamName = "Svagant, s.r.o.";
						LastSwiftMigration = 0900;
						ProvisioningStyle = Automatic;
					};
				};
			};
			buildConfigurationList = 99090D001D47DF7600A9E2A4 /* Build configuration list for PBXProject "spievajme-hospodinovi" */;
			compatibilityVersion = "Xcode 3.2";
			developmentRegion = English;
			hasScannedForEncodings = 0;
			knownRegions = (
				en,
				Base,
			);
			mainGroup = 99090CFC1D47DF7600A9E2A4;
			productRefGroup = 99090D061D47DF7600A9E2A4 /* Products */;
			projectDirPath = "";
			projectRoot = "";
			targets = (
				99090D041D47DF7600A9E2A4 /* spievajme-hospodinovi */,
			);
		};
/* End PBXProject section */

/* Begin PBXResourcesBuildPhase section */
		99090D031D47DF7600A9E2A4 /* Resources */ = {
			isa = PBXResourcesBuildPhase;
			buildActionMask = 2147483647;
			files = (
				99090D131D47DF7600A9E2A4 /* LaunchScreen.storyboard in Resources */,
				99090D101D47DF7600A9E2A4 /* Assets.xcassets in Resources */,
				99090D0E1D47DF7600A9E2A4 /* Main.storyboard in Resources */,
			);
			runOnlyForDeploymentPostprocessing = 0;
		};
/* End PBXResourcesBuildPhase section */

/* Begin PBXSourcesBuildPhase section */
		99090D011D47DF7600A9E2A4 /* Sources */ = {
			isa = PBXSourcesBuildPhase;
			buildActionMask = 2147483647;
			files = (
				993130F21F5B3A6F00BCE0EB /* Settings.swift in Sources */,
				993A49921F2E7BD60001F93A /* ManagedObject.swift in Sources */,
				999945CD1F4CC8EA005BC9DC /* UIImageExtensions.swift in Sources */,
				993019651D49325100DE2DCE /* VerseCell.swift in Sources */,
				997FF6961F575856007C5622 /* VerseHeaderView.swift in Sources */,
				99ECEAA81D480688006EFCB7 /* SongController.swift in Sources */,
				993130EE1F5B09D400BCE0EB /* EasterEggPhotoViewController.swift in Sources */,
				99149E4F1F2E096A00CB38DD /* LoadingController.swift in Sources */,
				9904AA241F78131800E37357 /* LandscapeVerseController.swift in Sources */,
				992314A31F78642B00901747 /* EmptyCell.swift in Sources */,
				99090D1D1D47EA0200A9E2A4 /* Song.swift in Sources */,
				993EE03C1F5C76F200F90E84 /* SHViewController.swift in Sources */,
				999945CB1F4CC897005BC9DC /* UIButtonExtensions.swift in Sources */,
				998832E21F53847700770F6B /* SHNotification.swift in Sources */,
				99B44AF31F4B771A008DB0B5 /* UIViewExtensions.swift in Sources */,
				991D52191F2E7C9300E0C1F8 /* spevnik.xcdatamodeld in Sources */,
				99090D1B1D47E7C900A9E2A4 /* SongsController.swift in Sources */,
				99656B0E1F4B511F004AE8C9 /* ArchiveParser.swift in Sources */,
				999654841D47F597001ED726 /* SongStoreCoreData.swift in Sources */,
				9921429E1F2F96020061F895 /* Line.swift in Sources */,
				99ECEAA61D47F963006EFCB7 /* SongCell.swift in Sources */,
				993EE03E1F5C78C300F90E84 /* SHTableViewController.swift in Sources */,
				99B44AEC1F4B6014008DB0B5 /* CenteredButton.swift in Sources */,
				998FDD7F1F2DF7A3007204C6 /* ArrayExtensions.swift in Sources */,
				997FF6921F5751B7007C5622 /* SongModel.swift in Sources */,
				99090D091D47DF7600A9E2A4 /* AppDelegate.swift in Sources */,
				998FDD811F2DF7BE007204C6 /* NSLayoutConstraintExtensions.swift in Sources */,
				992142A01F2F977D0061F895 /* SongStore.swift in Sources */,
				993130F01F5B0B3D00BCE0EB /* EasterEggPhotoCollectionViewController.swift in Sources */,
				994D7D6C1F2DE37A00A575F8 /* Verse.swift in Sources */,
				998D78221F532C38007B9980 /* QuickSearch.swift in Sources */,
				997104EC1F5346C1005570D9 /* AboutViewController.swift in Sources */,
				99D7E87A1F535B830080E904 /* SettingsViewController.swift in Sources */,
				996BF4C91F5F46E30077210C /* FontSensitive.swift in Sources */,
			);
			runOnlyForDeploymentPostprocessing = 0;
		};
/* End PBXSourcesBuildPhase section */

/* Begin PBXVariantGroup section */
		99090D0C1D47DF7600A9E2A4 /* Main.storyboard */ = {
			isa = PBXVariantGroup;
			children = (
				99090D0D1D47DF7600A9E2A4 /* Base */,
			);
			name = Main.storyboard;
			sourceTree = "<group>";
		};
		99090D111D47DF7600A9E2A4 /* LaunchScreen.storyboard */ = {
			isa = PBXVariantGroup;
			children = (
				99090D121D47DF7600A9E2A4 /* Base */,
			);
			name = LaunchScreen.storyboard;
			sourceTree = "<group>";
		};
/* End PBXVariantGroup section */

/* Begin XCBuildConfiguration section */
		99090D151D47DF7600A9E2A4 /* Debug */ = {
			isa = XCBuildConfiguration;
			buildSettings = {
				ALWAYS_SEARCH_USER_PATHS = NO;
				ASSETCATALOG_COMPILER_LAUNCHIMAGE_NAME = "";
				CLANG_ANALYZER_NONNULL = YES;
				CLANG_CXX_LANGUAGE_STANDARD = "gnu++0x";
				CLANG_CXX_LIBRARY = "libc++";
				CLANG_ENABLE_MODULES = YES;
				CLANG_ENABLE_OBJC_ARC = YES;
				CLANG_WARN_BLOCK_CAPTURE_AUTORELEASING = YES;
				CLANG_WARN_BOOL_CONVERSION = YES;
				CLANG_WARN_COMMA = YES;
				CLANG_WARN_CONSTANT_CONVERSION = YES;
				CLANG_WARN_DIRECT_OBJC_ISA_USAGE = YES_ERROR;
				CLANG_WARN_DOCUMENTATION_COMMENTS = YES;
				CLANG_WARN_EMPTY_BODY = YES;
				CLANG_WARN_ENUM_CONVERSION = YES;
				CLANG_WARN_INFINITE_RECURSION = YES;
				CLANG_WARN_INT_CONVERSION = YES;
				CLANG_WARN_NON_LITERAL_NULL_CONVERSION = YES;
				CLANG_WARN_OBJC_LITERAL_CONVERSION = YES;
				CLANG_WARN_OBJC_ROOT_CLASS = YES_ERROR;
				CLANG_WARN_RANGE_LOOP_ANALYSIS = YES;
				CLANG_WARN_STRICT_PROTOTYPES = YES;
				CLANG_WARN_SUSPICIOUS_MOVE = YES;
				CLANG_WARN_UNREACHABLE_CODE = YES;
				CLANG_WARN__DUPLICATE_METHOD_MATCH = YES;
				"CODE_SIGN_IDENTITY[sdk=iphoneos*]" = "iPhone Developer";
				COPY_PHASE_STRIP = NO;
				DEBUG_INFORMATION_FORMAT = dwarf;
				ENABLE_STRICT_OBJC_MSGSEND = YES;
				ENABLE_TESTABILITY = YES;
				GCC_C_LANGUAGE_STANDARD = gnu99;
				GCC_DYNAMIC_NO_PIC = NO;
				GCC_NO_COMMON_BLOCKS = YES;
				GCC_OPTIMIZATION_LEVEL = 0;
				GCC_PREPROCESSOR_DEFINITIONS = (
					"DEBUG=1",
					"$(inherited)",
				);
				GCC_WARN_64_TO_32_BIT_CONVERSION = YES;
				GCC_WARN_ABOUT_RETURN_TYPE = YES_ERROR;
				GCC_WARN_UNDECLARED_SELECTOR = YES;
				GCC_WARN_UNINITIALIZED_AUTOS = YES_AGGRESSIVE;
				GCC_WARN_UNUSED_FUNCTION = YES;
				GCC_WARN_UNUSED_VARIABLE = YES;
				IPHONEOS_DEPLOYMENT_TARGET = 11.0;
				MTL_ENABLE_DEBUG_INFO = YES;
				ONLY_ACTIVE_ARCH = YES;
				SDKROOT = iphoneos;
				SWIFT_ACTIVE_COMPILATION_CONDITIONS = DEBUG;
				SWIFT_OPTIMIZATION_LEVEL = "-Onone";
				SWIFT_SWIFT3_OBJC_INFERENCE = Off;
			};
			name = Debug;
		};
		99090D161D47DF7600A9E2A4 /* Release */ = {
			isa = XCBuildConfiguration;
			buildSettings = {
				ALWAYS_SEARCH_USER_PATHS = NO;
				ASSETCATALOG_COMPILER_LAUNCHIMAGE_NAME = "";
				CLANG_ANALYZER_NONNULL = YES;
				CLANG_CXX_LANGUAGE_STANDARD = "gnu++0x";
				CLANG_CXX_LIBRARY = "libc++";
				CLANG_ENABLE_MODULES = YES;
				CLANG_ENABLE_OBJC_ARC = YES;
				CLANG_WARN_BLOCK_CAPTURE_AUTORELEASING = YES;
				CLANG_WARN_BOOL_CONVERSION = YES;
				CLANG_WARN_COMMA = YES;
				CLANG_WARN_CONSTANT_CONVERSION = YES;
				CLANG_WARN_DIRECT_OBJC_ISA_USAGE = YES_ERROR;
				CLANG_WARN_DOCUMENTATION_COMMENTS = YES;
				CLANG_WARN_EMPTY_BODY = YES;
				CLANG_WARN_ENUM_CONVERSION = YES;
				CLANG_WARN_INFINITE_RECURSION = YES;
				CLANG_WARN_INT_CONVERSION = YES;
				CLANG_WARN_NON_LITERAL_NULL_CONVERSION = YES;
				CLANG_WARN_OBJC_LITERAL_CONVERSION = YES;
				CLANG_WARN_OBJC_ROOT_CLASS = YES_ERROR;
				CLANG_WARN_RANGE_LOOP_ANALYSIS = YES;
				CLANG_WARN_STRICT_PROTOTYPES = YES;
				CLANG_WARN_SUSPICIOUS_MOVE = YES;
				CLANG_WARN_UNREACHABLE_CODE = YES;
				CLANG_WARN__DUPLICATE_METHOD_MATCH = YES;
				"CODE_SIGN_IDENTITY[sdk=iphoneos*]" = "iPhone Developer";
				COPY_PHASE_STRIP = NO;
				DEBUG_INFORMATION_FORMAT = "dwarf-with-dsym";
				ENABLE_NS_ASSERTIONS = NO;
				ENABLE_STRICT_OBJC_MSGSEND = YES;
				GCC_C_LANGUAGE_STANDARD = gnu99;
				GCC_NO_COMMON_BLOCKS = YES;
				GCC_WARN_64_TO_32_BIT_CONVERSION = YES;
				GCC_WARN_ABOUT_RETURN_TYPE = YES_ERROR;
				GCC_WARN_UNDECLARED_SELECTOR = YES;
				GCC_WARN_UNINITIALIZED_AUTOS = YES_AGGRESSIVE;
				GCC_WARN_UNUSED_FUNCTION = YES;
				GCC_WARN_UNUSED_VARIABLE = YES;
				IPHONEOS_DEPLOYMENT_TARGET = 11.0;
				MTL_ENABLE_DEBUG_INFO = NO;
				SDKROOT = iphoneos;
				SWIFT_OPTIMIZATION_LEVEL = "-Owholemodule";
				SWIFT_SWIFT3_OBJC_INFERENCE = Off;
				VALIDATE_PRODUCT = YES;
			};
			name = Release;
		};
		99090D181D47DF7600A9E2A4 /* Debug */ = {
			isa = XCBuildConfiguration;
			buildSettings = {
				ASSETCATALOG_COMPILER_APPICON_NAME = AppIcon;
				ASSETCATALOG_COMPILER_LAUNCHIMAGE_NAME = "";
				"CODE_SIGN_IDENTITY[sdk=iphoneos*]" = "iPhone Developer";
				DEVELOPMENT_TEAM = "";
				INFOPLIST_FILE = "spievajme-hospodinovi/Info.plist";
				IPHONEOS_DEPLOYMENT_TARGET = 10.3;
				LD_RUNPATH_SEARCH_PATHS = "$(inherited) @executable_path/Frameworks";
				PRODUCT_BUNDLE_IDENTIFIER = "org.milan.nosal.spievajme-hospodinovi";
				PRODUCT_NAME = "$(TARGET_NAME)";
				PROVISIONING_PROFILE = "";
				PROVISIONING_PROFILE_SPECIFIER = "";
				SWIFT_SWIFT3_OBJC_INFERENCE = On;
				SWIFT_VERSION = 4.0;
			};
			name = Debug;
		};
		99090D191D47DF7600A9E2A4 /* Release */ = {
			isa = XCBuildConfiguration;
			buildSettings = {
				ASSETCATALOG_COMPILER_APPICON_NAME = AppIcon;
				ASSETCATALOG_COMPILER_LAUNCHIMAGE_NAME = "";
				"CODE_SIGN_IDENTITY[sdk=iphoneos*]" = "iPhone Developer";
				INFOPLIST_FILE = "spievajme-hospodinovi/Info.plist";
				IPHONEOS_DEPLOYMENT_TARGET = 10.3;
				LD_RUNPATH_SEARCH_PATHS = "$(inherited) @executable_path/Frameworks";
				PRODUCT_BUNDLE_IDENTIFIER = "org.milan.nosal.spievajme-hospodinovi";
				PRODUCT_NAME = "$(TARGET_NAME)";
				SWIFT_SWIFT3_OBJC_INFERENCE = On;
				SWIFT_VERSION = 4.0;
			};
			name = Release;
		};
/* End XCBuildConfiguration section */

/* Begin XCConfigurationList section */
		99090D001D47DF7600A9E2A4 /* Build configuration list for PBXProject "spievajme-hospodinovi" */ = {
			isa = XCConfigurationList;
			buildConfigurations = (
				99090D151D47DF7600A9E2A4 /* Debug */,
				99090D161D47DF7600A9E2A4 /* Release */,
			);
			defaultConfigurationIsVisible = 0;
			defaultConfigurationName = Release;
		};
		99090D171D47DF7600A9E2A4 /* Build configuration list for PBXNativeTarget "spievajme-hospodinovi" */ = {
			isa = XCConfigurationList;
			buildConfigurations = (
				99090D181D47DF7600A9E2A4 /* Debug */,
				99090D191D47DF7600A9E2A4 /* Release */,
			);
			defaultConfigurationIsVisible = 0;
			defaultConfigurationName = Release;
		};
/* End XCConfigurationList section */

/* Begin XCVersionGroup section */
		991D52171F2E7C9300E0C1F8 /* spevnik.xcdatamodeld */ = {
			isa = XCVersionGroup;
			children = (
				991D52181F2E7C9300E0C1F8 /* spevnik.xcdatamodel */,
			);
			currentVersion = 991D52181F2E7C9300E0C1F8 /* spevnik.xcdatamodel */;
			path = spevnik.xcdatamodeld;
			sourceTree = "<group>";
			versionGroupType = wrapper.xcdatamodel;
		};
/* End XCVersionGroup section */
	};
	rootObject = 99090CFD1D47DF7600A9E2A4 /* Project object */;
}
